dependencies:
  espressif/cmake_utilities:
    component_hash: 351350613ceafba240b761b4ea991e0f231ac7a9f59a9ee901f751bddc0bb18f
    dependencies:
    - name: idf
      require: private
      version: '>=4.1'
    source:
      registry_url: https://components.espressif.com
      type: service
    version: 0.5.3
  espressif/elf_loader:
    component_hash: 3a23712bf9ed4a4e4734a428bddf1de29360f734b352063269ea76c3a92f199c
    dependencies:
    - name: espressif/cmake_utilities
      registry_url: https://components.espressif.com
      require: private
      version: 0.*
    - name: idf
      require: private
      version: '>=4.4.3'
    source:
      registry_url: https://components.espressif.com/
      type: service
    version: 1.0.0
  idf:
    source:
      type: idf
    version: 5.3.1
  joltwallet/littlefs:
    component_hash: a023b819eff7a7740d61ae40b8e0c53dfe32843a99bc4aa6554867f3fc5091d3
    dependencies:
    - name: idf
      require: private
      version: '>=4.3'
    source:
      registry_url: https://components.espressif.com/
      type: service
    version: 1.16.1
direct_dependencies:
- espressif/elf_loader
- idf
- joltwallet/littlefs
manifest_hash: 81e41976b75b9b78b129b9fe1d2b22b8c7296dcfb0dcae094a7e636347461a2c
target: esp32s3
version: 2.0.0
